lockfileVersion: '9.0'

settings:
  autoInstallPeers: true
  excludeLinksFromLockfile: false

importers:

  .:
    dependencies:
      '@ai-sdk/provider':
        specifier: ^3.0.3
        version: 3.0.3
      '@ai-sdk/react':
        specifier: 3.0.118
        version: 3.0.118(react@19.0.1)(zod@3.25.76)
      '@codemirror/lang-python':
        specifier: ^6.1.6
        version: 6.1.7
      '@codemirror/state':
        specifier: ^6.5.0
        version: 6.5.2
      '@codemirror/theme-one-dark':
        specifier: ^6.1.2
        version: 6.1.2
      '@codemirror/view':
        specifier: ^6.35.3
        version: 6.36.4
      '@opentelemetry/api':
        specifier: ^1.9.0
        version: 1.9.0
      '@opentelemetry/api-logs':
        specifier: ^0.200.0
        version: 0.200.0
      '@radix-ui/react-use-controllable-state':
        specifier: ^1.2.2
        version: 1.2.2(@types/react@18.3.18)(react@19.0.1)
      '@react-pdf/renderer':
        specifier: ^4.5.1
        version: 4.5.1(react@19.0.1)
      '@streamdown/cjk':
        specifier: ^1.0.2
        version: 1.0.2(@types/mdast@4.0.4)(micromark-util-types@2.0.2)(micromark@4.0.2)(react@19.0.1)(unified@11.0.5)
      '@streamdown/code':
        specifier: ^1.0.3
        version: 1.0.3(react@19.0.1)
      '@streamdown/math':
        specifier: ^1.0.2
        version: 1.0.2(react@19.0.1)
      '@streamdown/mermaid':
        specifier: ^1.0.2
        version: 1.0.2(react@19.0.1)
      '@vercel/analytics':
        specifier: ^1.3.1
        version: 1.5.0(next@16.2.0(@opentelemetry/api@1.9.0)(@playwright/test@1.51.0)(babel-plugin-react-compiler@1.0.0)(react-dom@19.0.1(react@19.0.1))(react@19.0.1))(react@19.0.1)
      '@vercel/blob':
        specifier: ^0.24.1
        version: 0.24.1
      '@vercel/functions':
        specifier: ^2.0.0
        version: 2.2.13
      '@vercel/otel':
        specifier: ^1.12.0
        version: 1.14.0(@opentelemetry/api-logs@0.200.0)(@opentelemetry/api@1.9.0)(@opentelemetry/instrumentation@0.57.2(@opentelemetry/api@1.9.0))(@opentelemetry/resources@1.30.1(@opentelemetry/api@1.9.0))(@opentelemetry/sdk-logs@0.57.2(@opentelemetry/api@1.9.0))(@opentelemetry/sdk-metrics@1.30.1(@opentelemetry/api@1.9.0))(@opentelemetry/sdk-trace-base@1.30.1(@opentelemetry/api@1.9.0))
      ai:
        specifier: 6.0.116
        version: 6.0.116(zod@3.25.76)
      bcrypt-ts:
        specifier: ^5.0.2
        version: 5.0.3
      botid:
        specifier: ^1.5.11
        version: 1.5.11(next@16.2.0(@opentelemetry/api@1.9.0)(@playwright/test@1.51.0)(babel-plugin-react-compiler@1.0.0)(react-dom@19.0.1(react@19.0.1))(react@19.0.1))(react@19.0.1)
      class-variance-authority:
        specifier: ^0.7.1
        version: 0.7.1
      classnames:
        specifier: ^2.5.1
        version: 2.5.1
      clsx:
        specifier: ^2.1.1
        version: 2.1.1
      cmdk:
        specifier: ^1.1.1
        version: 1.1.1(@types/react-dom@18.3.5(@types/react@18.3.18))(@types/react@18.3.18)(react-dom@19.0.1(react@19.0.1))(react@19.0.1)
      codemirror:
        specifier: ^6.0.1
        version: 6.0.1
      date-fns:
        specifier: ^4.1.0
        version: 4.1.0
      diff-match-patch:
        specifier: ^1.0.5
        version: 1.0.5
      docx:
        specifier: ^9.7.1
        version: 9.7.1
      dotenv:
        specifier: ^16.4.5
        version: 16.4.7
      drizzle-orm:
        specifier: ^0.34.0
        version: 0.34.1(@neondatabase/serverless@0.9.5)(@opentelemetry/api@1.9.0)(@types/pg@8.11.6)(@types/react@18.3.18)(@vercel/postgres@0.10.0)(kysely@0.28.11)(postgres@3.4.5)(react@19.0.1)
      exceljs:
        specifier: ^4.4.0
        version: 4.4.0
      fast-deep-equal:
        specifier: ^3.1.3
        version: 3.1.3
      framer-motion:
        specifier: ^11.3.19
        version: 11.18.2(react-dom@19.0.1(react@19.0.1))(react@19.0.1)
      katex:
        specifier: ^0.16.28
        version: 0.16.28
      lucide-react:
        specifier: ^0.446.0
        version: 0.446.0(react@19.0.1)
      motion:
        specifier: ^12.23.26
        version: 12.23.26(react-dom@19.0.1(react@19.0.1))(react@19.0.1)
      next:
        specifier: 16.2.0
        version: 16.2.0(@opentelemetry/api@1.9.0)(@playwright/test@1.51.0)(babel-plugin-react-compiler@1.0.0)(react-dom@19.0.1(react@19.0.1))(react@19.0.1)
      next-auth:
        specifier: 5.0.0-beta.25
        version: 5.0.0-beta.25(next@16.2.0(@opentelemetry/api@1.9.0)(@playwright/test@1.51.0)(babel-plugin-react-compiler@1.0.0)(react-dom@19.0.1(react@19.0.1))(react@19.0.1))(react@19.0.1)
      orderedmap:
        specifier: ^2.1.1
        version: 2.1.1
      papaparse:
        specifier: ^5.4.1
        version: 5.4.1
      postgres:
        specifier: ^3.4.4
        version: 3.4.5
      prosemirror-commands:
        specifier: ^1.6.2
        version: 1.6.2
      prosemirror-history:
        specifier: ^1.4.1
        version: 1.4.1
      prosemirror-inputrules:
        specifier: ^1.4.0
        version: 1.4.0
      prosemirror-keymap:
        specifier: ^1.2.2
        version: 1.2.2
      prosemirror-model:
        specifier: ^1.23.0
        version: 1.25.2
      prosemirror-state:
        specifier: ^1.4.3
        version: 1.4.3
      prosemirror-transform:
        specifier: ^1.10.0
        version: 1.10.4
      prosemirror-view:
        specifier: ^1.38.1
        version: 1.38.4
      rate-limiter-flexible:
        specifier: ^5.0.5
        version: 5.0.5
      react:
        specifier: 19.0.1
        version: 19.0.1
      react-dom:
        specifier: 19.0.1
        version: 19.0.1(react@19.0.1)
      react-resizable-panels:
        specifier: ^2.1.3
        version: 2.1.3(react-dom@19.0.1(react@19.0.1))(react@19.0.1)
      resumable-stream:
        specifier: ^2.1.3
        version: 2.1.3
      shiki:
        specifier: ^1.24.0
        version: 1.29.2
      sonner:
        specifier: ^1.5.0
        version: 1.7.4(react-dom@19.0.1(react@19.0.1))(react@19.0.1)
      streamdown:
        specifier: ^0.6.5
        version: 0.6.7(react@19.0.1)
      swr:
        specifier: ^2.2.5
        version: 2.3.3(react@19.0.1)
      tailwind-merge:
        specifier: ^2.5.2
        version: 2.6.0
      usehooks-ts:
        specifier: ^3.1.0
        version: 3.1.0(react@19.0.1)
      zod:
        specifier: ^3.23.8
        version: 3.25.76
    devDependencies:
      '@playwright/test':
        specifier: ^1.51.0
        version: 1.51.0
      '@tailwindcss/postcss':
        specifier: ^4.1.4
        version: 4.1.11
      '@types/bcrypt':
        specifier: ^5.0.2
        version: 5.0.2
      '@types/diff-match-patch':
        specifier: ^1.0.36
        version: 1.0.36
      '@types/node':
        specifier: ^20
        version: 20.19.1
      '@types/papaparse':
        specifier: ^5.3.14
        version: 5.3.15
      '@types/react':
        specifier: 18.3.18
        version: 18.3.18
      '@types/react-dom':
        specifier: 18.3.5
        version: 18.3.5(@types/react@18.3.18)
      babel-plugin-react-compiler:
        specifier: 1.0.0
        version: 1.0.0
      drizzle-kit:
        specifier: ^0.25.0
        version: 0.25.0
      tailwindcss:
        specifier: ^4.1.4
        version: 4.1.11
      typescript:
        specifier: ^5
        version: 5.8.3
      ultracite:
        specifier: ^4.2.29
        version: 4.2.29(typescript@5.8.3)

packages:

  '@ai-sdk/provider@3.0.3':
    resolution: {integrity: sha512-SnNuEGLEAtMBCHyLkWDGeFnG6IyHiD8agFvCeNAlLzJF4D0wRPzHVNPy97N7ikXi8SflMGkMnRBHAi6K6vPqQ==}

  '@ai-sdk/react@3.0.118':
    resolution: {integrity: sha512-1w56ZgBk0Sd0e9JM62kfSL9RgX8l1UWhOhTByBz0LCbD4v3HOFi/fjg2wFECPpqKN4P0fDj4N0N2bQz+AcSIg==}
    peerDependencies:
      react: ^18 || ^19 || ^19.0.0-rc
      zod: ^3 || ^4
    peerDependenciesMeta:
      zod:
        optional: true

  '@ai-sdk/ui-utils@3.0.118':
    resolution: {integrity: sha512-wFLa9+RwPxGFJnE18dlX0jUNJOFm0L+jYHmPYRCf+DsaM0r3GsZ0FhVOHXIk8K1cjrCIFKCO9EBMeEH3OQGA==}
    peerDependencies:
      zod: ^3 || ^4
    peerDependenciesMeta:
      zod:
        optional: true

  '@ai-sdk/ui-utils@6.0.116':
    resolution: {integrity: sha512-bMJhQhbkDSFdxO0jFbuvs8pGSoJE7PXXizPekJbQYQW3B79tEFtCNSFYwVxrSMEedx7LqfUeP08wr1ZYb7d/g==}
    peerDependencies:
      zod: ^3 || ^4
    peerDependenciesMeta:
      zod:
        optional: true

  'ai@6.0.116':
    resolution: {integrity: sha512-3uAz2Hs1sCdGIMh/FJgH2JD6pPiHMlI0AFaZ8FYHlquwNZUJwFJ7JezqoqEIx6HYUM3o0h3E6cWf3wXTdIViw==}
    peerDependencies:
      react: ^18 || ^19 || ^19.0.0-rc
      zod: ^3 || ^4
    peerDependenciesMeta:
      react:
        optional: true
      zod:
        optional: true

  '@alloc/quick-lru@5.2.0':
    resolution: {integrity: sha512-UrcABB+4bUrFABwbluTIBErXwvbsU/V7TZWfmbgJfbkwiBuziS9gxdODIyMand8x4L7J1fJxv0Lq+LMwOtA+g==}
    engines: {node: '>=10'}
